
Microsoft Visual Studio Solution File, Format Version 12.00
# Visual Studio Version 17
Project("{8BC9CEB8-8B4A-11D0-8D11-00A0C91BC942}") = "ALL_BUILD", "ALL_BUILD.vcxproj", "{241977B2-1913-30AF-AD2F-2E1CB8830DBF}"
	ProjectSection(ProjectDependencies) = postProject
		{D9D1FA1D-8BDE-3B2D-AD95-1A3FC046C13D} = {D9D1FA1D-8BDE-3B2D-AD95-1A3FC046C13D}
		{91E41761-DB56-3DDF-897F-DD35D32BD87D} = {91E41761-DB56-3DDF-897F-DD35D32BD87D}
	EndProjectSection
EndProject
Project("{8BC9CEB8-8B4A-11D0-8D11-00A0C91BC942}") = "ZERO_CHECK", "ZERO_CHECK.vcxproj", "{D9D1FA1D-8BDE-3B2D-AD95-1A3FC046C13D}"
	ProjectSection(ProjectDependencies) = postProject
	EndProjectSection
EndProject
Project("{8BC9CEB8-8B4A-11D0-8D11-00A0C91BC942}") = "main", "main.vcxproj", "{91E41761-DB56-3DDF-897F-DD35D32BD87D}"
	ProjectSection(ProjectDependencies) = postProject
		{D9D1FA1D-8BDE-3B2D-AD95-1A3FC046C13D} = {D9D1FA1D-8BDE-3B2D-AD95-1A3FC046C13D}
	EndProjectSection
EndProject
Global
	GlobalSection(SolutionConfigurationPlatforms) = preSolution
		Debug|x64 = Debug|x64
		Release|x64 = Release|x64
		MinSizeRel|x64 = MinSizeRel|x64
		RelWithDebInfo|x64 = RelWithDebInfo|x64
	EndGlobalSection
	GlobalSection(ProjectConfigurationPlatforms) = postSolution
		{241977B2-1913-30AF-AD2F-2E1CB8830DBF}.Debug|x64.ActiveCfg = Debug|x64
		{241977B2-1913-30AF-AD2F-2E1CB8830DBF}.Release|x64.ActiveCfg = Release|x64
		{241977B2-1913-30AF-AD2F-2E1CB8830DBF}.MinSizeRel|x64.ActiveCfg = MinSizeRel|x64
		{241977B2-1913-30AF-AD2F-2E1CB8830DBF}.RelWithDebInfo|x64.ActiveCfg = RelWithDebInfo|x64
		{D9D1FA1D-8BDE-3B2D-AD95-1A3FC046C13D}.Debug|x64.ActiveCfg = Debug|x64
		{D9D1FA1D-8BDE-3B2D-AD95-1A3FC046C13D}.Debug|x64.Build.0 = Debug|x64
		{D9D1FA1D-8BDE-3B2D-AD95-1A3FC046C13D}.Release|x64.ActiveCfg = Release|x64
		{D9D1FA1D-8BDE-3B2D-AD95-1A3FC046C13D}.Release|x64.Build.0 = Release|x64
		{D9D1FA1D-8BDE-3B2D-AD95-1A3FC046C13D}.MinSizeRel|x64.ActiveCfg = MinSizeRel|x64
		{D9D1FA1D-8BDE-3B2D-AD95-1A3FC046C13D}.MinSizeRel|x64.Build.0 = MinSizeRel|x64
		{D9D1FA1D-8BDE-3B2D-AD95-1A3FC046C13D}.RelWithDebInfo|x64.ActiveCfg = RelWithDebInfo|x64
		{D9D1FA1D-8BDE-3B2D-AD95-1A3FC046C13D}.RelWithDebInfo|x64.Build.0 = RelWithDebInfo|x64
		{91E41761-DB56-3DDF-897F-DD35D32BD87D}.Debug|x64.ActiveCfg = Debug|x64
		{91E41761-DB56-3DDF-897F-DD35D32BD87D}.Debug|x64.Build.0 = Debug|x64
		{91E41761-DB56-3DDF-897F-DD35D32BD87D}.Release|x64.ActiveCfg = Release|x64
		{91E41761-DB56-3DDF-897F-DD35D32BD87D}.Release|x64.Build.0 = Release|x64
		{91E41761-DB56-3DDF-897F-DD35D32BD87D}.MinSizeRel|x64.ActiveCfg = MinSizeRel|x64
		{91E41761-DB56-3DDF-897F-DD35D32BD87D}.MinSizeRel|x64.Build.0 = MinSizeRel|x64
		{91E41761-DB56-3DDF-897F-DD35D32BD87D}.RelWithDebInfo|x64.ActiveCfg = RelWithDebInfo|x64
		{91E41761-DB56-3DDF-897F-DD35D32BD87D}.RelWithDebInfo|x64.Build.0 = RelWithDebInfo|x64
	EndGlobalSection
	GlobalSection(ExtensibilityGlobals) = postSolution
		SolutionGuid = {0F973685-96C0-30B7-A812-69FCE5F2142F}
	EndGlobalSection
	GlobalSection(ExtensibilityAddIns) = postSolution
	EndGlobalSection
EndGlobal
